// !$*UTF8*$!
{
	archiveVersion = 1;
	classes = {
	};
	objectVersion = 48;
	objects = {

/* Begin PBXBuildFile section */
		7FADD0F220570EF700EED7FF /* AppDelegate.swift in Sources */ = {isa = PBXBuildFile; fileRef = 7FADD0F120570EF700EED7FF /* AppDelegate.swift */; };
		7FADD0F420570EF700EED7FF /* ViewController.swift in Sources */ = {isa = PBXBuildFile; fileRef = 7FADD0F320570EF700EED7FF /* ViewController.swift */; };
		7FADD0F720570EF700EED7FF /* Main.storyboard in Resources */ = {isa = PBXBuildFile; fileRef = 7FADD0F520570EF700EED7FF /* Main.storyboard */; };
		7FADD0F920570EF700EED7FF /* Assets.xcassets in Resources */ = {isa = PBXBuildFile; fileRef = 7FADD0F820570EF700EED7FF /* Assets.xcassets */; };
		7FADD0FC20570EF700EED7FF /* LaunchScreen.storyboard in Resources */ = {isa = PBXBuildFile; fileRef = 7FADD0FA20570EF700EED7FF /* LaunchScreen.storyboard */; };
		7FADD10720570EF700EED7FF /* Hackwich6Tests.swift in Sources */ = {isa = PBXBuildFile; fileRef = 7FADD10620570EF700EED7FF /* Hackwich6Tests.swift */; };
		7FADD11220570EF700EED7FF /* Hackwich6UITests.swift in Sources */ = {isa = PBXBuildFile; fileRef = 7FADD11120570EF700EED7FF /* Hackwich6UITests.swift */; };
/* End PBXBuildFile section */

/* Begin PBXContainerItemProxy section */
		7FADD10320570EF700EED7FF /* PBXContainerItemProxy */ = {
			isa = PBXContainerItemProxy;
			containerPortal = 7FADD0E620570EF700EED7FF /* Project object */;
			proxyType = 1;
			remoteGlobalIDString = 7FADD0ED20570EF700EED7FF;
			remoteInfo = Hackwich6;
		};
		7FADD10E20570EF700EED7FF /* PBXContainerItemProxy */ = {
			isa = PBXContainerItemProxy;
			containerPortal = 7FADD0E620570EF700EED7FF /* Project object */;
			proxyType = 1;
			remoteGlobalIDString = 7FADD0ED20570EF700EED7FF;
			remoteInfo = Hackwich6;
		};
/* End PBXContainerItemProxy section */

/* Begin PBXFileReference section */
		7FADD0EE20570EF700EED7FF /* Hackwich6.app */ = {isa = PBXFileReference; explicitFileType = wrapper.application; includeInIndex = 0; path = Hackwich6.app; sourceTree = BUILT_PRODUCTS_DIR; };
		7FADD0F120570EF700EED7FF /* AppDelegate.swift */ = {isa = PBXFileReference; lastKnownFileType = sourcecode.swift; path = AppDelegate.swift; sourceTree = "<group>"; };
		7FADD0F320570EF700EED7FF /* ViewController.swift */ = {isa = PBXFileReference; lastKnownFileType = sourcecode.swift; path = ViewController.swift; sourceTree = "<group>"; };
		7FADD0F620570EF700EED7FF /* Base */ = {isa = PBXFileReference; lastKnownFileType = file.storyboard; name = Base; path = Base.lproj/Main.storyboard; sourceTree = "<group>"; };
		7FADD0F820570EF700EED7FF /* Assets.xcassets */ = {isa = PBXFileReference; lastKnownFileType = folder.assetcatalog; path = Assets.xcassets; sourceTree = "<group>"; };
		7FADD0FB20570EF700EED7FF /* Base */ = {isa = PBXFileReference; lastKnownFileType = file.storyboard; name = Base; path = Base.lproj/LaunchScreen.storyboard; sourceTree = "<group>"; };
		7FADD0FD20570EF700EED7FF /* Info.plist */ = {isa = PBXFileReference; lastKnownFileType = text.plist.xml; path = Info.plist; sourceTree = "<group>"; };
		7FADD10220570EF700EED7FF /* Hackwich6Tests.xctest */ = {isa = PBXFileReference; explicitFileType = wrapper.cfbundle; includeInIndex = 0; path = Hackwich6Tests.xctest; sourceTree = BUILT_PRODUCTS_DIR; };
		7FADD10620570EF700EED7FF /* Hackwich6Tests.swift */ = {isa = PBXFileReference; lastKnownFileType = sourcecode.swift; path = Hackwich6Tests.swift; sourceTree = "<group>"; };
		7FADD10820570EF700EED7FF /* Info.plist */ = {isa = PBXFileReference; lastKnownFileType = text.plist.xml; path = Info.plist; sourceTree = "<group>"; };
		7FADD10D20570EF700EED7FF /* Hackwich6UITests.xctest */ = {isa = PBXFileReference; explicitFileType = wrapper.cfbundle; includeInIndex = 0; path = Hackwich6UITests.xctest; sourceTree = BUILT_PRODUCTS_DIR; };
		7FADD11120570EF700EED7FF /* Hackwich6UITests.swift */ = {isa = PBXFileReference; lastKnownFileType = sourcecode.swift; path = Hackwich6UITests.swift; sourceTree = "<group>"; };
		7FADD11320570EF700EED7FF /* Info.plist */ = {isa = PBXFileReference; lastKnownFileType = text.plist.xml; path = Info.plist; sourceTree = "<group>"; };
/* End PBXFileReference section */

/* Begin PBXFrameworksBuildPhase section */
		7FADD0EB20570EF700EED7FF /* Frameworks */ = {
			isa = PBXFrameworksBuildPhase;
			buildActionMask = 2147483647;
			files = (
			);
			runOnlyForDeploymentPostprocessing = 0;
		};
		7FADD0FF20570EF700EED7FF /* Frameworks */ = {
			isa = PBXFrameworksBuildPhase;
			buildActionMask = 2147483647;
			files = (
			);
			runOnlyForDeploymentPostprocessing = 0;
		};
		7FADD10A20570EF700EED7FF /* Frameworks */ = {
			isa = PBXFrameworksBuildPhase;
			buildActionMask = 2147483647;
			files = (
			);
			runOnlyForDeploymentPostprocessing = 0;
		};
/* End PBXFrameworksBuildPhase section */

/* Begin PBXGroup section */
		7FADD0E520570EF700EED7FF = {
			isa = PBXGroup;
			children = (
				7FADD0F020570EF700EED7FF /* Hackwich6 */,
				7FADD10520570EF700EED7FF /* Hackwich6Tests */,
				7FADD11020570EF700EED7FF /* Hackwich6UITests */,
				7FADD0EF20570EF700EED7FF /* Products */,
			);
			sourceTree = "<group>";
		};
		7FADD0EF20570EF700EED7FF /* Products */ = {
			isa = PBXGroup;
			children = (
				7FADD0EE20570EF700EED7FF /* Hackwich6.app */,
				7FADD10220570EF700EED7FF /* Hackwich6Tests.xctest */,
				7FADD10D20570EF700EED7FF /* Hackwich6UITests.xctest */,
			);
			name = Products;
			sourceTree = "<group>";
		};
		7FADD0F020570EF700EED7FF /* Hackwich6 */ = {
			isa = PBXGroup;
			children = (
				7FADD0F120570EF700EED7FF /* AppDelegate.swift */,
				7FADD0F320570EF700EED7FF /* ViewController.swift */,
				7FADD0F520570EF700EED7FF /* Main.storyboard */,
				7FADD0F820570EF700EED7FF /* Assets.xcassets */,
				7FADD0FA20570EF700EED7FF /* LaunchScreen.storyboard */,
				7FADD0FD20570EF700EED7FF /* Info.plist */,
			);
			path = Hackwich6;
			sourceTree = "<group>";
		};
		7FADD10520570EF700EED7FF /* Hackwich6Tests */ = {
			isa = PBXGroup;
			children = (
				7FADD10620570EF700EED7FF /* Hackwich6Tests.swift */,
				7FADD10820570EF700EED7FF /* Info.plist */,
			);
			path = Hackwich6Tests;
			sourceTree = "<group>";
		};
		7FADD11020570EF700EED7FF /* Hackwich6UITests */ = {
			isa = PBXGroup;
			children = (
				7FADD11120570EF700EED7FF /* Hackwich6UITests.swift */,
				7FADD11320570EF700EED7FF /* Info.plist */,
			);
			path = Hackwich6UITests;
			sourceTree = "<group>";
		};
/* End PBXGroup section */

/* Begin PBXNativeTarget section */
		7FADD0ED20570EF700EED7FF /* Hackwich6 */ = {
			isa = PBXNativeTarget;
			buildConfigurationList = 7FADD11620570EF700EED7FF /* Build configuration list for PBXNativeTarget "Hackwich6" */;
			buildPhases = (
				7FADD0EA20570EF700EED7FF /* Sources */,
				7FADD0EB20570EF700EED7FF /* Frameworks */,
				7FADD0EC20570EF700EED7FF /* Resources */,
			);
			buildRules = (
			);
			dependencies = (
			);
			name = Hackwich6;
			productName = Hackwich6;
			productReference = 7FADD0EE20570EF700EED7FF /* Hackwich6.app */;
			productType = "com.apple.product-type.application";
		};
		7FADD10120570EF700EED7FF /* Hackwich6Tests */ = {
			isa = PBXNativeTarget;
			buildConfigurationList = 7FADD11920570EF700EED7FF /* Build configuration list for PBXNativeTarget "Hackwich6Tests" */;
			buildPhases = (
				7FADD0FE20570EF700EED7FF /* Sources */,
				7FADD0FF20570EF700EED7FF /* Frameworks */,
				7FADD10020570EF700EED7FF /* Resources */,
			);
			buildRules = (
			);
			dependencies = (
				7FADD10420570EF700EED7FF /* PBXTargetDependency */,
			);
			name = Hackwich6Tests;
			productName = Hackwich6Tests;
			productReference = 7FADD10220570EF700EED7FF /* Hackwich6Tests.xctest */;
			productType = "com.apple.product-type.bundle.unit-test";
		};
		7FADD10C20570EF700EED7FF /* Hackwich6UITests */ = {
			isa = PBXNativeTarget;
			buildConfigurationList = 7FADD11C20570EF700EED7FF /* Build configuration list for PBXNativeTarget "Hackwich6UITests" */;
			buildPhases = (
				7FADD10920570EF700EED7FF /* Sources */,
				7FADD10A20570EF700EED7FF /* Frameworks */,
				7FADD10B20570EF700EED7FF /* Resources */,
			);
			buildRules = (
			);
			dependencies = (
				7FADD10F20570EF700EED7FF /* PBXTargetDependency */,
			);
			name = Hackwich6UITests;
			productName = Hackwich6UITests;
			productReference = 7FADD10D20570EF700EED7FF /* Hackwich6UITests.xctest */;
			productType = "com.apple.product-type.bundle.ui-testing";
		};
/* End PBXNativeTarget section */

/* Begin PBXProject section */
		7FADD0E620570EF700EED7FF /* Project object */ = {
			isa = PBXProject;
			attributes = {
				LastSwiftUpdateCheck = 0920;
				LastUpgradeCheck = 0920;
				ORGANIZATIONNAME = "CM Student";
				TargetAttributes = {
					7FADD0ED20570EF700EED7FF = {
						CreatedOnToolsVersion = 9.2;
						ProvisioningStyle = Automatic;
					};
					7FADD10120570EF700EED7FF = {
						CreatedOnToolsVersion = 9.2;
						ProvisioningStyle = Automatic;
						TestTargetID = 7FADD0ED20570EF700EED7FF;
					};
					7FADD10C20570EF700EED7FF = {
						CreatedOnToolsVersion = 9.2;
						ProvisioningStyle = Automatic;
						TestTargetID = 7FADD0ED20570EF700EED7FF;
					};
				};
			};
			buildConfigurationList = 7FADD0E920570EF700EED7FF /* Build configuration list for PBXProject "Hackwich6" */;
			compatibilityVersion = "Xcode 8.0";
			developmentRegion = en;
			hasScannedForEncodings = 0;
			knownRegions = (
				en,
				Base,
			);
			mainGroup = 7FADD0E520570EF700EED7FF;
			productRefGroup = 7FADD0EF20570EF700EED7FF /* Products */;
			projectDirPath = "";
			projectRoot = "";
			targets = (
				7FADD0ED20570EF700EED7FF /* Hackwich6 */,
				7FADD10120570EF700EED7FF /* Hackwich6Tests */,
				7FADD10C20570EF700EED7FF /* Hackwich6UITests */,
			);
		};
/* End PBXProject section */

/* Begin PBXResourcesBuildPhase section */
		7FADD0EC20570EF700EED7FF /* Resources */ = {
			isa = PBXResourcesBuildPhase;
			buildActionMask = 2147483647;
			files = (
				7FADD0FC20570EF700EED7FF /* LaunchScreen.storyboard in Resources */,
				7FADD0F920570EF700EED7FF /* Assets.xcassets in Resources */,
				7FADD0F720570EF700EED7FF /* Main.storyboard in Resources */,
			);
			runOnlyForDeploymentPostprocessing = 0;
		};
		7FADD10020570EF700EED7FF /* Resources */ = {
			isa = PBXResourcesBuildPhase;
			buildActionMask = 2147483647;
			files = (
			);
			runOnlyForDeploymentPostprocessing = 0;
		};
		7FADD10B20570EF700EED7FF /* Resources */ = {
			isa = PBXResourcesBuildPhase;
			buildActionMask = 2147483647;
			files = (
			);
			runOnlyForDeploymentPostprocessing = 0;
		};
/* End PBXResourcesBuildPhase section */

/* Begin PBXSourcesBuildPhase section */
		7FADD0EA20570EF700EED7FF /* Sources */ = {
			isa = PBXSourcesBuildPhase;
			buildActionMask = 2147483647;
			files = (
				7FADD0F420570EF700EED7FF /* ViewController.swift in Sources */,
				7FADD0F220570EF700EED7FF /* AppDelegate.swift in Sources */,
			);
			runOnlyForDeploymentPostprocessing = 0;
		};
		7FADD0FE20570EF700EED7FF /* Sources */ = {
			isa = PBXSourcesBuildPhase;
			buildActionMask = 2147483647;
			files = (
				7FADD10720570EF700EED7FF /* Hackwich6Tests.swift in Sources */,
			);
			runOnlyForDeploymentPostprocessing = 0;
		};
		7FADD10920570EF700EED7FF /* Sources */ = {
			isa = PBXSourcesBuildPhase;
			buildActionMask = 2147483647;
			files = (
				7FADD11220570EF700EED7FF /* Hackwich6UITests.swift in Sources */,
			);
			runOnlyForDeploymentPostprocessing = 0;
		};
/* End PBXSourcesBuildPhase section */

/* Begin PBXTargetDependency section */
		7FADD10420570EF700EED7FF /* PBXTargetDependency */ = {
			isa = PBXTargetDependency;
			target = 7FADD0ED20570EF700EED7FF /* Hackwich6 */;
			targetProxy = 7FADD10320570EF700EED7FF /* PBXContainerItemProxy */;
		};
		7FADD10F20570EF700EED7FF /* PBXTargetDependency */ = {
			isa = PBXTargetDependency;
			target = 7FADD0ED20570EF700EED7FF /* Hackwich6 */;
			targetProxy = 7FADD10E20570EF700EED7FF /* PBXContainerItemProxy */;
		};
/* End PBXTargetDependency section */

/* Begin PBXVariantGroup section */
		7FADD0F520570EF700EED7FF /* Main.storyboard */ = {
			isa = PBXVariantGroup;
			children = (
				7FADD0F620570EF700EED7FF /* Base */,
			);
			name = Main.storyboard;
			sourceTree = "<group>";
		};
		7FADD0FA20570EF700EED7FF /* LaunchScreen.storyboard */ = {
			isa = PBXVariantGroup;
			children = (
				7FADD0FB20570EF700EED7FF /* Base */,
			);
			name = LaunchScreen.storyboard;
			sourceTree = "<group>";
		};
/* End PBXVariantGroup section */

/* Begin XCBuildConfiguration section */
		7FADD11420570EF700EED7FF /* Debug */ = {
			isa = XCBuildConfiguration;
			buildSettings = {
				ALWAYS_SEARCH_USER_PATHS = NO;
				CLANG_ANALYZER_NONNULL = YES;
				CLANG_ANALYZER_NUMBER_OBJECT_CONVERSION = YES_AGGRESSIVE;
				CLANG_CXX_LANGUAGE_STANDARD = "gnu++14";
				CLANG_CXX_LIBRARY = "libc++";
				CLANG_ENABLE_MODULES = YES;
				CLANG_ENABLE_OBJC_ARC = YES;
				CLANG_WARN_BLOCK_CAPTURE_AUTORELEASING = YES;
				CLANG_WARN_BOOL_CONVERSION = YES;
				CLANG_WARN_COMMA = YES;
				CLANG_WARN_CONSTANT_CONVERSION = YES;
				CLANG_WARN_DIRECT_OBJC_ISA_USAGE = YES_ERROR;
				CLANG_WARN_DOCUMENTATION_COMMENTS = YES;
				CLANG_WARN_EMPTY_BODY = YES;
				CLANG_WARN_ENUM_CONVERSION = YES;
				CLANG_WARN_INFINITE_RECURSION = YES;
				CLANG_WARN_INT_CONVERSION = YES;
				CLANG_WARN_NON_LITERAL_NULL_CONVERSION = YES;
				CLANG_WARN_OBJC_LITERAL_CONVERSION = YES;
				CLANG_WARN_OBJC_ROOT_CLASS = YES_ERROR;
				CLANG_WARN_RANGE_LOOP_ANALYSIS = YES;
				CLANG_WARN_STRICT_PROTOTYPES = YES;
				CLANG_WARN_SUSPICIOUS_MOVE = YES;
				CLANG_WARN_UNGUARDED_AVAILABILITY = YES_AGGRESSIVE;
				CLANG_WARN_UNREACHABLE_CODE = YES;
				CLANG_WARN__DUPLICATE_METHOD_MATCH = YES;
				CODE_SIGN_IDENTITY = "iPhone Developer";
				COPY_PHASE_STRIP = NO;
				DEBUG_INFORMATION_FORMAT = dwarf;
				ENABLE_STRICT_OBJC_MSGSEND = YES;
				ENABLE_TESTABILITY = YES;
				GCC_C_LANGUAGE_STANDARD = gnu11;
				GCC_DYNAMIC_NO_PIC = NO;
				GCC_NO_COMMON_BLOCKS = YES;
				GCC_OPTIMIZATION_LEVEL = 0;
				GCC_PREPROCESSOR_DEFINITIONS = (
					"DEBUG=1",
					"$(inherited)",
				);
				GCC_WARN_64_TO_32_BIT_CONVERSION = YES;
				GCC_WARN_ABOUT_RETURN_TYPE = YES_ERROR;
				GCC_WARN_UNDECLARED_SELECTOR = YES;
				GCC_WARN_UNINITIALIZED_AUTOS = YES_AGGRESSIVE;
				GCC_WARN_UNUSED_FUNCTION = YES;
				GCC_WARN_UNUSED_VARIABLE = YES;
				IPHONEOS_DEPLOYMENT_TARGET = 11.2;
				MTL_ENABLE_DEBUG_INFO = YES;
				ONLY_ACTIVE_ARCH = YES;
				SDKROOT = iphoneos;
				SWIFT_ACTIVE_COMPILATION_CONDITIONS = DEBUG;
				SWIFT_OPTIMIZATION_LEVEL = "-Onone";
			};
			name = Debug;
		};
		7FADD11520570EF700EED7FF /* Release */ = {
			isa = XCBuildConfiguration;
			buildSettings = {
				ALWAYS_SEARCH_USER_PATHS = NO;
				CLANG_ANALYZER_NONNULL = YES;
				CLANG_ANALYZER_NUMBER_OBJECT_CONVERSION = YES_AGGRESSIVE;
				CLANG_CXX_LANGUAGE_STANDARD = "gnu++14";
				CLANG_CXX_LIBRARY = "libc++";
				CLANG_ENABLE_MODULES = YES;
				CLANG_ENABLE_OBJC_ARC = YES;
				CLANG_WARN_BLOCK_CAPTURE_AUTORELEASING = YES;
				CLANG_WARN_BOOL_CONVERSION = YES;
				CLANG_WARN_COMMA = YES;
				CLANG_WARN_CONSTANT_CONVERSION = YES;
				CLANG_WARN_DIRECT_OBJC_ISA_USAGE = YES_ERROR;
				CLANG_WARN_DOCUMENTATION_COMMENTS = YES;
				CLANG_WARN_EMPTY_BODY = YES;
				CLANG_WARN_ENUM_CONVERSION = YES;
				CLANG_WARN_INFINITE_RECURSION = YES;
				CLANG_WARN_INT_CONVERSION = YES;
				CLANG_WARN_NON_LITERAL_NULL_CONVERSION = YES;
				CLANG_WARN_OBJC_LITERAL_CONVERSION = YES;
				CLANG_WARN_OBJC_ROOT_CLASS = YES_ERROR;
				CLANG_WARN_RANGE_LOOP_ANALYSIS = YES;
				CLANG_WARN_STRICT_PROTOTYPES = YES;
				CLANG_WARN_SUSPICIOUS_MOVE = YES;
				CLANG_WARN_UNGUARDED_AVAILABILITY = YES_AGGRESSIVE;
				CLANG_WARN_UNREACHABLE_CODE = YES;
				CLANG_WARN__DUPLICATE_METHOD_MATCH = YES;
				CODE_SIGN_IDENTITY = "iPhone Developer";
				COPY_PHASE_STRIP = NO;
				DEBUG_INFORMATION_FORMAT = "dwarf-with-dsym";
				ENABLE_NS_ASSERTIONS = NO;
				ENABLE_STRICT_OBJC_MSGSEND = YES;
				GCC_C_LANGUAGE_STANDARD = gnu11;
				GCC_NO_COMMON_BLOCKS = YES;
				GCC_WARN_64_TO_32_BIT_CONVERSION = YES;
				GCC_WARN_ABOUT_RETURN_TYPE = YES_ERROR;
				GCC_WARN_UNDECLARED_SELECTOR = YES;
				GCC_WARN_UNINITIALIZED_AUTOS = YES_AGGRESSIVE;
				GCC_WARN_UNUSED_FUNCTION = YES;
				GCC_WARN_UNUSED_VARIABLE = YES;
				IPHONEOS_DEPLOYMENT_TARGET = 11.2;
				MTL_ENABLE_DEBUG_INFO = NO;
				SDKROOT = iphoneos;
				SWIFT_OPTIMIZATION_LEVEL = "-Owholemodule";
				VALIDATE_PRODUCT = YES;
			};
			name = Release;
		};
		7FADD11720570EF700EED7FF /* Debug */ = {
			isa = XCBuildConfiguration;
			buildSettings = {
				ASSETCATALOG_COMPILER_APPICON_NAME = AppIcon;
				CODE_SIGN_STYLE = Automatic;
				INFOPLIST_FILE = Hackwich6/Info.plist;
				LD_RUNPATH_SEARCH_PATHS = "$(inherited) @executable_path/Frameworks";
				PRODUCT_BUNDLE_IDENTIFIER = UHWO.Hackwich6;
				PRODUCT_NAME = "$(TARGET_NAME)";
				SWIFT_VERSION = 4.0;
				TARGETED_DEVICE_FAMILY = "1,2";
			};
			name = Debug;
		};
		7FADD11820570EF700EED7FF /* Release */ = {
			isa = XCBuildConfiguration;
			buildSettings = {
				ASSETCATALOG_COMPILER_APPICON_NAME = AppIcon;
				CODE_SIGN_STYLE = Automatic;
				INFOPLIST_FILE = Hackwich6/Info.plist;
				LD_RUNPATH_SEARCH_PATHS = "$(inherited) @executable_path/Frameworks";
				PRODUCT_BUNDLE_IDENTIFIER = UHWO.Hackwich6;
				PRODUCT_NAME = "$(TARGET_NAME)";
				SWIFT_VERSION = 4.0;
				TARGETED_DEVICE_FAMILY = "1,2";
			};
			name = Release;
		};
		7FADD11A20570EF700EED7FF /* Debug */ = {
			isa = XCBuildConfiguration;
			buildSettings = {
				ALWAYS_EMBED_SWIFT_STANDARD_LIBRARIES = YES;
				BUNDLE_LOADER = "$(TEST_HOST)";
				CODE_SIGN_STYLE = Automatic;
				INFOPLIST_FILE = Hackwich6Tests/Info.plist;
				LD_RUNPATH_SEARCH_PATHS = "$(inherited) @executable_path/Frameworks @loader_path/Frameworks";
				PRODUCT_BUNDLE_IDENTIFIER = UHWO.Hackwich6Tests;
				PRODUCT_NAME = "$(TARGET_NAME)";
				SWIFT_VERSION = 4.0;
				TARGETED_DEVICE_FAMILY = "1,2";
				TEST_HOST = "$(BUILT_PRODUCTS_DIR)/Hackwich6.app/Hackwich6";
			};
			name = Debug;
		};
		7FADD11B20570EF700EED7FF /* Release */ = {
			isa = XCBuildConfiguration;
			buildSettings = {
				ALWAYS_EMBED_SWIFT_STANDARD_LIBRARIES = YES;
				BUNDLE_LOADER = "$(TEST_HOST)";
				CODE_SIGN_STYLE = Automatic;
				INFOPLIST_FILE = Hackwich6Tests/Info.plist;
				LD_RUNPATH_SEARCH_PATHS = "$(inherited) @executable_path/Frameworks @loader_path/Frameworks";
				PRODUCT_BUNDLE_IDENTIFIER = UHWO.Hackwich6Tests;
				PRODUCT_NAME = "$(TARGET_NAME)";
				SWIFT_VERSION = 4.0;
				TARGETED_DEVICE_FAMILY = "1,2";
				TEST_HOST = "$(BUILT_PRODUCTS_DIR)/Hackwich6.app/Hackwich6";
			};
			name = Release;
		};
		7FADD11D20570EF700EED7FF /* Debug */ = {
			isa = XCBuildConfiguration;
			buildSettings = {
				ALWAYS_EMBED_SWIFT_STANDARD_LIBRARIES = YES;
				CODE_SIGN_STYLE = Automatic;
				INFOPLIST_FILE = Hackwich6UITests/Info.plist;
				LD_RUNPATH_SEARCH_PATHS = "$(inherited) @executable_path/Frameworks @loader_path/Frameworks";
				PRODUCT_BUNDLE_IDENTIFIER = UHWO.Hackwich6UITests;
				PRODUCT_NAME = "$(TARGET_NAME)";
				SWIFT_VERSION = 4.0;
				TARGETED_DEVICE_FAMILY = "1,2";
				TEST_TARGET_NAME = Hackwich6;
			};
			name = Debug;
		};
		7FADD11E20570EF700EED7FF /* Release */ = {
			isa = XCBuildConfiguration;
			buildSettings = {
				ALWAYS_EMBED_SWIFT_STANDARD_LIBRARIES = YES;
				CODE_SIGN_STYLE = Automatic;
				INFOPLIST_FILE = Hackwich6UITests/Info.plist;
				LD_RUNPATH_SEARCH_PATHS = "$(inherited) @executable_path/Frameworks @loader_path/Frameworks";
				PRODUCT_BUNDLE_IDENTIFIER = UHWO.Hackwich6UITests;
				PRODUCT_NAME = "$(TARGET_NAME)";
				SWIFT_VERSION = 4.0;
				TARGETED_DEVICE_FAMILY = "1,2";
				TEST_TARGET_NAME = Hackwich6;
			};
			name = Release;
		};
/* End XCBuildConfiguration section */

/* Begin XCConfigurationList section */
		7FADD0E920570EF700EED7FF /* Build configuration list for PBXProject "Hackwich6" */ = {
			isa = XCConfigurationList;
			buildConfigurations = (
				7FADD11420570EF700EED7FF /* Debug */,
				7FADD11520570EF700EED7FF /* Release */,
			);
			defaultConfigurationIsVisible = 0;
			defaultConfigurationName = Release;
		};
		7FADD11620570EF700EED7FF /* Build configuration list for PBXNativeTarget "Hackwich6" */ = {
			isa = XCConfigurationList;
			buildConfigurations = (
				7FADD11720570EF700EED7FF /* Debug */,
				7FADD11820570EF700EED7FF /* Release */,
			);
			defaultConfigurationIsVisible = 0;
			defaultConfigurationName = Release;
		};
		7FADD11920570EF700EED7FF /* Build configuration list for PBXNativeTarget "Hackwich6Tests" */ = {
			isa = XCConfigurationList;
			buildConfigurations = (
				7FADD11A20570EF700EED7FF /* Debug */,
				7FADD11B20570EF700EED7FF /* Release */,
			);
			defaultConfigurationIsVisible = 0;
			defaultConfigurationName = Release;
		};
		7FADD11C20570EF700EED7FF /* Build configuration list for PBXNativeTarget "Hackwich6UITests" */ = {
			isa = XCConfigurationList;
			buildConfigurations = (
				7FADD11D20570EF700EED7FF /* Debug */,
				7FADD11E20570EF700EED7FF /* Release */,
			);
			defaultConfigurationIsVisible = 0;
			defaultConfigurationName = Release;
		};
/* End XCConfigurationList section */
	};
	rootObject = 7FADD0E620570EF700EED7FF /* Project object */;
}
